
Microsoft Visual Studio Solution File, Format Version 12.00
# Visual Studio Version 17
VisualStudioVersion = 17.10.35013.160
MinimumVisualStudioVersion = 10.0.40219.1
Project("{FAE04EC0-301F-11D3-BF4B-00C04F79EFBC}") = "veriables", "veriables\veriables.csproj", "{E1123B9A-F37F-44A2-A59D-DB3072DCBE2F}"
EndProject
Global
	GlobalSection(SolutionConfigurationPlatforms) = preSolution
		Debug|Any CPU = Debug|Any CPU
		Release|Any CPU = Release|Any CPU
	EndGlobalSection
	GlobalSection(ProjectConfigurationPlatforms) = postSolution
		{E1123B9A-F37F-44A2-A59D-DB3072DCBE2F}.Debug|Any CPU.ActiveCfg = Debug|Any CPU
		{E1123B9A-F37F-44A2-A59D-DB3072DCBE2F}.Debug|Any CPU.Build.0 = Debug|Any CPU
		{E1123B9A-F37F-44A2-A59D-DB3072DCBE2F}.Release|Any CPU.ActiveCfg = Release|Any CPU
		{E1123B9A-F37F-44A2-A59D-DB3072DCBE2F}.Release|Any CPU.Build.0 = Release|Any CPU
	EndGlobalSection
	GlobalSection(SolutionProperties) = preSolution
		HideSolutionNode = FALSE
	EndGlobalSection
	GlobalSection(ExtensibilityGlobals) = postSolution
		SolutionGuid = {2AEE9F05-EFF7-4387-A251-84B94F59559E}
	EndGlobalSection
EndGlobal
